// !$*UTF8*$!
{
	archiveVersion = 1;
	classes = {
	};
	objectVersion = 46;
	objects = {

/* Begin PBXBuildFile section */
		40916C851E67F41E00880313 /* main.m in Sources */ = {isa = PBXBuildFile; fileRef = 40916C841E67F41E00880313 /* main.m */; };
		40916C881E67F41E00880313 /* AppDelegate.m in Sources */ = {isa = PBXBuildFile; fileRef = 40916C871E67F41E00880313 /* AppDelegate.m */; };
		40916C8E1E67F41E00880313 /* Main.storyboard in Resources */ = {isa = PBXBuildFile; fileRef = 40916C8C1E67F41E00880313 /* Main.storyboard */; };
		40916C901E67F41E00880313 /* Assets.xcassets in Resources */ = {isa = PBXBuildFile; fileRef = 40916C8F1E67F41E00880313 /* Assets.xcassets */; };
		40916C931E67F41F00880313 /* LaunchScreen.storyboard in Resources */ = {isa = PBXBuildFile; fileRef = 40916C911E67F41F00880313 /* LaunchScreen.storyboard */; };
		40916C9C1E67F4A700880313 /* RootViewController.swift in Sources */ = {isa = PBXBuildFile; fileRef = 40916C9B1E67F4A700880313 /* RootViewController.swift */; };
		40916C9E1E67F53100880313 /* LeftViewController.swift in Sources */ = {isa = PBXBuildFile; fileRef = 40916C9D1E67F53100880313 /* LeftViewController.swift */; };
		40916CA01E67F53A00880313 /* FirstViewController.swift in Sources */ = {isa = PBXBuildFile; fileRef = 40916C9F1E67F53A00880313 /* FirstViewController.swift */; };
		40916CA21E67F54400880313 /* SecoundViewController.swift in Sources */ = {isa = PBXBuildFile; fileRef = 40916CA11E67F54400880313 /* SecoundViewController.swift */; };
		40916CA41E67F55C00880313 /* ThiredViewController.swift in Sources */ = {isa = PBXBuildFile; fileRef = 40916CA31E67F55C00880313 /* ThiredViewController.swift */; };
		40916CAA1E67FF7000880313 /* ConfigSlideMenu.swift in Sources */ = {isa = PBXBuildFile; fileRef = 40916CA91E67FF7000880313 /* ConfigSlideMenu.swift */; };
		6F5D2190399C30E4F2FA827F /* Pods_DzyTabBar.framework in Frameworks */ = {isa = PBXBuildFile; fileRef = 776B9CE99C514BE659E9348A /* Pods_DzyTabBar.framework */; };
/* End PBXBuildFile section */

/* Begin PBXFileReference section */
		40916C801E67F41E00880313 /* DzyTabBar.app */ = {isa = PBXFileReference; explicitFileType = wrapper.application; includeInIndex = 0; path = DzyTabBar.app; sourceTree = BUILT_PRODUCTS_DIR; };
		40916C841E67F41E00880313 /* main.m */ = {isa = PBXFileReference; lastKnownFileType = sourcecode.c.objc; path = main.m; sourceTree = "<group>"; };
		40916C861E67F41E00880313 /* AppDelegate.h */ = {isa = PBXFileReference; lastKnownFileType = sourcecode.c.h; path = AppDelegate.h; sourceTree = "<group>"; };
		40916C871E67F41E00880313 /* AppDelegate.m */ = {isa = PBXFileReference; lastKnownFileType = sourcecode.c.objc; path = AppDelegate.m; sourceTree = "<group>"; };
		40916C8D1E67F41E00880313 /* Base */ = {isa = PBXFileReference; lastKnownFileType = file.storyboard; name = Base; path = Base.lproj/Main.storyboard; sourceTree = "<group>"; };
		40916C8F1E67F41E00880313 /* Assets.xcassets */ = {isa = PBXFileReference; lastKnownFileType = folder.assetcatalog; path = Assets.xcassets; sourceTree = "<group>"; };
		40916C921E67F41F00880313 /* Base */ = {isa = PBXFileReference; lastKnownFileType = file.storyboard; name = Base; path = Base.lproj/LaunchScreen.storyboard; sourceTree = "<group>"; };
		40916C941E67F41F00880313 /* Info.plist */ = {isa = PBXFileReference; lastKnownFileType = text.plist.xml; path = Info.plist; sourceTree = "<group>"; };
		40916C9A1E67F4A700880313 /* DzyTabBar-Bridging-Header.h */ = {isa = PBXFileReference; lastKnownFileType = sourcecode.c.h; path = "DzyTabBar-Bridging-Header.h"; sourceTree = "<group>"; };
		40916C9B1E67F4A700880313 /* RootViewController.swift */ = {isa = PBXFileReference; fileEncoding = 4; lastKnownFileType = sourcecode.swift; path = RootViewController.swift; sourceTree = "<group>"; };
		40916C9D1E67F53100880313 /* LeftViewController.swift */ = {isa = PBXFileReference; fileEncoding = 4; lastKnownFileType = sourcecode.swift; path = LeftViewController.swift; sourceTree = "<group>"; };
		40916C9F1E67F53A00880313 /* FirstViewController.swift */ = {isa = PBXFileReference; fileEncoding = 4; lastKnownFileType = sourcecode.swift; path = FirstViewController.swift; sourceTree = "<group>"; };
		40916CA11E67F54400880313 /* SecoundViewController.swift */ = {isa = PBXFileReference; fileEncoding = 4; lastKnownFileType = sourcecode.swift; path = SecoundViewController.swift; sourceTree = "<group>"; };
		40916CA31E67F55C00880313 /* ThiredViewController.swift */ = {isa = PBXFileReference; fileEncoding = 4; lastKnownFileType = sourcecode.swift; path = ThiredViewController.swift; sourceTree = "<group>"; };
		40916CA91E67FF7000880313 /* ConfigSlideMenu.swift */ = {isa = PBXFileReference; fileEncoding = 4; lastKnownFileType = sourcecode.swift; path = ConfigSlideMenu.swift; sourceTree = "<group>"; };
		523E7EDC27754EF83710D66F /* Pods-DzyTabBar.debug.xcconfig */ = {isa = PBXFileReference; includeInIndex = 1; lastKnownFileType = text.xcconfig; name = "Pods-DzyTabBar.debug.xcconfig"; path = "Pods/Target Support Files/Pods-DzyTabBar/Pods-DzyTabBar.debug.xcconfig"; sourceTree = "<group>"; };
		776B9CE99C514BE659E9348A /* Pods_DzyTabBar.framework */ = {isa = PBXFileReference; explicitFileType = wrapper.framework; includeInIndex = 0; path = Pods_DzyTabBar.framework; sourceTree = BUILT_PRODUCTS_DIR; };
		EDD3C261B903CA223291BCEF /* Pods-DzyTabBar.release.xcconfig */ = {isa = PBXFileReference; includeInIndex = 1; lastKnownFileType = text.xcconfig; name = "Pods-DzyTabBar.release.xcconfig"; path = "Pods/Target Support Files/Pods-DzyTabBar/Pods-DzyTabBar.release.xcconfig"; sourceTree = "<group>"; };
/* End PBXFileReference section */

/* Begin PBXFrameworksBuildPhase section */
		40916C7D1E67F41E00880313 /* Frameworks */ = {
			isa = PBXFrameworksBuildPhase;
			buildActionMask = 2147483647;
			files = (
				6F5D2190399C30E4F2FA827F /* Pods_DzyTabBar.framework in Frameworks */,
			);
			runOnlyForDeploymentPostprocessing = 0;
		};
/* End PBXFrameworksBuildPhase section */

/* Begin PBXGroup section */
		40916C771E67F41E00880313 = {
			isa = PBXGroup;
			children = (
				40916C821E67F41E00880313 /* DzyTabBar */,
				40916C811E67F41E00880313 /* Products */,
				93161E3FD3C59F5827D2FE25 /* Pods */,
				C98348307466EDBDA0AF53C0 /* Frameworks */,
			);
			sourceTree = "<group>";
		};
		40916C811E67F41E00880313 /* Products */ = {
			isa = PBXGroup;
			children = (
				40916C801E67F41E00880313 /* DzyTabBar.app */,
			);
			name = Products;
			sourceTree = "<group>";
		};
		40916C821E67F41E00880313 /* DzyTabBar */ = {
			isa = PBXGroup;
			children = (
				40916C861E67F41E00880313 /* AppDelegate.h */,
				40916C871E67F41E00880313 /* AppDelegate.m */,
				40916C8C1E67F41E00880313 /* Main.storyboard */,
				40916C8F1E67F41E00880313 /* Assets.xcassets */,
				40916C911E67F41F00880313 /* LaunchScreen.storyboard */,
				40916C941E67F41F00880313 /* Info.plist */,
				40916C831E67F41E00880313 /* Supporting Files */,
				40916C9B1E67F4A700880313 /* RootViewController.swift */,
				40916C9A1E67F4A700880313 /* DzyTabBar-Bridging-Header.h */,
				40916C9D1E67F53100880313 /* LeftViewController.swift */,
				40916C9F1E67F53A00880313 /* FirstViewController.swift */,
				40916CA11E67F54400880313 /* SecoundViewController.swift */,
				40916CA31E67F55C00880313 /* ThiredViewController.swift */,
				40916CA91E67FF7000880313 /* ConfigSlideMenu.swift */,
			);
			path = DzyTabBar;
			sourceTree = "<group>";
		};
		40916C831E67F41E00880313 /* Supporting Files */ = {
			isa = PBXGroup;
			children = (
				40916C841E67F41E00880313 /* main.m */,
			);
			name = "Supporting Files";
			sourceTree = "<group>";
		};
		93161E3FD3C59F5827D2FE25 /* Pods */ = {
			isa = PBXGroup;
			children = (
				523E7EDC27754EF83710D66F /* Pods-DzyTabBar.debug.xcconfig */,
				EDD3C261B903CA223291BCEF /* Pods-DzyTabBar.release.xcconfig */,
			);
			name = Pods;
			sourceTree = "<group>";
		};
		C98348307466EDBDA0AF53C0 /* Frameworks */ = {
			isa = PBXGroup;
			children = (
				776B9CE99C514BE659E9348A /* Pods_DzyTabBar.framework */,
			);
			name = Frameworks;
			sourceTree = "<group>";
		};
/* End PBXGroup section */

/* Begin PBXNativeTarget section */
		40916C7F1E67F41E00880313 /* DzyTabBar */ = {
			isa = PBXNativeTarget;
			buildConfigurationList = 40916C971E67F41F00880313 /* Build configuration list for PBXNativeTarget "DzyTabBar" */;
			buildPhases = (
				7E76F7943868243FE04F31EF /* [CP] Check Pods Manifest.lock */,
				40916C7C1E67F41E00880313 /* Sources */,
				40916C7D1E67F41E00880313 /* Frameworks */,
				40916C7E1E67F41E00880313 /* Resources */,
				A5A92A7CBB0AA49185CCA8EF /* [CP] Embed Pods Frameworks */,
				6CB9E3E143B7DBFC949A5BC5 /* [CP] Copy Pods Resources */,
			);
			buildRules = (
			);
			dependencies = (
			);
			name = DzyTabBar;
			productName = DzyTabBar;
			productReference = 40916C801E67F41E00880313 /* DzyTabBar.app */;
			productType = "com.apple.product-type.application";
		};
/* End PBXNativeTarget section */

/* Begin PBXProject section */
		40916C781E67F41E00880313 /* Project object */ = {
			isa = PBXProject;
			attributes = {
				LastUpgradeCheck = 0810;
				ORGANIZATIONNAME = Dzy;
				TargetAttributes = {
					40916C7F1E67F41E00880313 = {
						CreatedOnToolsVersion = 8.1;
						DevelopmentTeam = 3CP5W9DM94;
						LastSwiftMigration = 0810;
						ProvisioningStyle = Automatic;
					};
				};
			};
			buildConfigurationList = 40916C7B1E67F41E00880313 /* Build configuration list for PBXProject "DzyTabBar" */;
			compatibilityVersion = "Xcode 3.2";
			developmentRegion = English;
			hasScannedForEncodings = 0;
			knownRegions = (
				en,
				Base,
			);
			mainGroup = 40916C771E67F41E00880313;
			productRefGroup = 40916C811E67F41E00880313 /* Products */;
			projectDirPath = "";
			projectRoot = "";
			targets = (
				40916C7F1E67F41E00880313 /* DzyTabBar */,
			);
		};
/* End PBXProject section */

/* Begin PBXResourcesBuildPhase section */
		40916C7E1E67F41E00880313 /* Resources */ = {
			isa = PBXResourcesBuildPhase;
			buildActionMask = 2147483647;
			files = (
				40916C931E67F41F00880313 /* LaunchScreen.storyboard in Resources */,
				40916C901E67F41E00880313 /* Assets.xcassets in Resources */,
				40916C8E1E67F41E00880313 /* Main.storyboard in Resources */,
			);
			runOnlyForDeploymentPostprocessing = 0;
		};
/* End PBXResourcesBuildPhase section */

/* Begin PBXShellScriptBuildPhase section */
		6CB9E3E143B7DBFC949A5BC5 /* [CP] Copy Pods Resources */ = {
			isa = PBXShellScriptBuildPhase;
			buildActionMask = 2147483647;
			files = (
			);
			inputPaths = (
			);
			name = "[CP] Copy Pods Resources";
			outputPaths = (
			);
			runOnlyForDeploymentPostprocessing = 0;
			shellPath = /bin/sh;
			shellScript = "\"${SRCROOT}/Pods/Target Support Files/Pods-DzyTabBar/Pods-DzyTabBar-resources.sh\"\n";
			showEnvVarsInLog = 0;
		};
		7E76F7943868243FE04F31EF /* [CP] Check Pods Manifest.lock */ = {
			isa = PBXShellScriptBuildPhase;
			buildActionMask = 2147483647;
			files = (
			);
			inputPaths = (
			);
			name = "[CP] Check Pods Manifest.lock";
			outputPaths = (
			);
			runOnlyForDeploymentPostprocessing = 0;
			shellPath = /bin/sh;
			shellScript = "diff \"${PODS_ROOT}/../Podfile.lock\" \"${PODS_ROOT}/Manifest.lock\" > /dev/null\nif [ $? != 0 ] ; then\n    # print error to STDERR\n    echo \"error: The sandbox is not in sync with the Podfile.lock. Run 'pod install' or update your CocoaPods installation.\" >&2\n    exit 1\nfi\n";
			showEnvVarsInLog = 0;
		};
		A5A92A7CBB0AA49185CCA8EF /* [CP] Embed Pods Frameworks */ = {
			isa = PBXShellScriptBuildPhase;
			buildActionMask = 2147483647;
			files = (
			);
			inputPaths = (
			);
			name = "[CP] Embed Pods Frameworks";
			outputPaths = (
			);
			runOnlyForDeploymentPostprocessing = 0;
			shellPath = /bin/sh;
			shellScript = "\"${SRCROOT}/Pods/Target Support Files/Pods-DzyTabBar/Pods-DzyTabBar-frameworks.sh\"\n";
			showEnvVarsInLog = 0;
		};
/* End PBXShellScriptBuildPhase section */

/* Begin PBXSourcesBuildPhase section */
		40916C7C1E67F41E00880313 /* Sources */ = {
			isa = PBXSourcesBuildPhase;
			buildActionMask = 2147483647;
			files = (
				40916C881E67F41E00880313 /* AppDelegate.m in Sources */,
				40916CAA1E67FF7000880313 /* ConfigSlideMenu.swift in Sources */,
				40916C9C1E67F4A700880313 /* RootViewController.swift in Sources */,
				40916CA01E67F53A00880313 /* FirstViewController.swift in Sources */,
				40916CA41E67F55C00880313 /* ThiredViewController.swift in Sources */,
				40916C9E1E67F53100880313 /* LeftViewController.swift in Sources */,
				40916CA21E67F54400880313 /* SecoundViewController.swift in Sources */,
				40916C851E67F41E00880313 /* main.m in Sources */,
			);
			runOnlyForDeploymentPostprocessing = 0;
		};
/* End PBXSourcesBuildPhase section */

/* Begin PBXVariantGroup section */
		40916C8C1E67F41E00880313 /* Main.storyboard */ = {
			isa = PBXVariantGroup;
			children = (
				40916C8D1E67F41E00880313 /* Base */,
			);
			name = Main.storyboard;
			sourceTree = "<group>";
		};
		40916C911E67F41F00880313 /* LaunchScreen.storyboard */ = {
			isa = PBXVariantGroup;
			children = (
				40916C921E67F41F00880313 /* Base */,
			);
			name = LaunchScreen.storyboard;
			sourceTree = "<group>";
		};
/* End PBXVariantGroup section */

/* Begin XCBuildConfiguration section */
		40916C951E67F41F00880313 /* Debug */ = {
			isa = XCBuildConfiguration;
			buildSettings = {
				ALWAYS_SEARCH_USER_PATHS = NO;
				CLANG_ANALYZER_NONNULL = YES;
				CLANG_CXX_LANGUAGE_STANDARD = "gnu++0x";
				CLANG_CXX_LIBRARY = "libc++";
				CLANG_ENABLE_MODULES = YES;
				CLANG_ENABLE_OBJC_ARC = YES;
				CLANG_WARN_BOOL_CONVERSION = YES;
				CLANG_WARN_CONSTANT_CONVERSION = YES;
				CLANG_WARN_DIRECT_OBJC_ISA_USAGE = YES_ERROR;
				CLANG_WARN_DOCUMENTATION_COMMENTS = YES;
				CLANG_WARN_EMPTY_BODY = YES;
				CLANG_WARN_ENUM_CONVERSION = YES;
				CLANG_WARN_INFINITE_RECURSION = YES;
				CLANG_WARN_INT_CONVERSION = YES;
				CLANG_WARN_OBJC_ROOT_CLASS = YES_ERROR;
				CLANG_WARN_SUSPICIOUS_MOVES = YES;
				CLANG_WARN_UNREACHABLE_CODE = YES;
				CLANG_WARN__DUPLICATE_METHOD_MATCH = YES;
				"CODE_SIGN_IDENTITY[sdk=iphoneos*]" = "iPhone Developer";
				COPY_PHASE_STRIP = NO;
				DEBUG_INFORMATION_FORMAT = dwarf;
				ENABLE_STRICT_OBJC_MSGSEND = YES;
				ENABLE_TESTABILITY = YES;
				GCC_C_LANGUAGE_STANDARD = gnu99;
				GCC_DYNAMIC_NO_PIC = NO;
				GCC_NO_COMMON_BLOCKS = YES;
				GCC_OPTIMIZATION_LEVEL = 0;
				GCC_PREPROCESSOR_DEFINITIONS = (
					"DEBUG=1",
					"$(inherited)",
				);
				GCC_WARN_64_TO_32_BIT_CONVERSION = YES;
				GCC_WARN_ABOUT_RETURN_TYPE = YES_ERROR;
				GCC_WARN_UNDECLARED_SELECTOR = YES;
				GCC_WARN_UNINITIALIZED_AUTOS = YES_AGGRESSIVE;
				GCC_WARN_UNUSED_FUNCTION = YES;
				GCC_WARN_UNUSED_VARIABLE = YES;
				IPHONEOS_DEPLOYMENT_TARGET = 8.0;
				MTL_ENABLE_DEBUG_INFO = YES;
				ONLY_ACTIVE_ARCH = YES;
				SDKROOT = iphoneos;
			};
			name = Debug;
		};
		40916C961E67F41F00880313 /* Release */ = {
			isa = XCBuildConfiguration;
			buildSettings = {
				ALWAYS_SEARCH_USER_PATHS = NO;
				CLANG_ANALYZER_NONNULL = YES;
				CLANG_CXX_LANGUAGE_STANDARD = "gnu++0x";
				CLANG_CXX_LIBRARY = "libc++";
				CLANG_ENABLE_MODULES = YES;
				CLANG_ENABLE_OBJC_ARC = YES;
				CLANG_WARN_BOOL_CONVERSION = YES;
				CLANG_WARN_CONSTANT_CONVERSION = YES;
				CLANG_WARN_DIRECT_OBJC_ISA_USAGE = YES_ERROR;
				CLANG_WARN_DOCUMENTATION_COMMENTS = YES;
				CLANG_WARN_EMPTY_BODY = YES;
				CLANG_WARN_ENUM_CONVERSION = YES;
				CLANG_WARN_INFINITE_RECURSION = YES;
				CLANG_WARN_INT_CONVERSION = YES;
				CLANG_WARN_OBJC_ROOT_CLASS = YES_ERROR;
				CLANG_WARN_SUSPICIOUS_MOVES = YES;
				CLANG_WARN_UNREACHABLE_CODE = YES;
				CLANG_WARN__DUPLICATE_METHOD_MATCH = YES;
				"CODE_SIGN_IDENTITY[sdk=iphoneos*]" = "iPhone Developer";
				COPY_PHASE_STRIP = NO;
				DEBUG_INFORMATION_FORMAT = "dwarf-with-dsym";
				ENABLE_NS_ASSERTIONS = NO;
				ENABLE_STRICT_OBJC_MSGSEND = YES;
				GCC_C_LANGUAGE_STANDARD = gnu99;
				GCC_NO_COMMON_BLOCKS = YES;
				GCC_WARN_64_TO_32_BIT_CONVERSION = YES;
				GCC_WARN_ABOUT_RETURN_TYPE = YES_ERROR;
				GCC_WARN_UNDECLARED_SELECTOR = YES;
				GCC_WARN_UNINITIALIZED_AUTOS = YES_AGGRESSIVE;
				GCC_WARN_UNUSED_FUNCTION = YES;
				GCC_WARN_UNUSED_VARIABLE = YES;
				IPHONEOS_DEPLOYMENT_TARGET = 8.0;
				MTL_ENABLE_DEBUG_INFO = NO;
				SDKROOT = iphoneos;
				VALIDATE_PRODUCT = YES;
			};
			name = Release;
		};
		40916C981E67F41F00880313 /* Debug */ = {
			isa = XCBuildConfiguration;
			baseConfigurationReference = 523E7EDC27754EF83710D66F /* Pods-DzyTabBar.debug.xcconfig */;
			buildSettings = {
				ASSETCATALOG_COMPILER_APPICON_NAME = AppIcon;
				CLANG_ENABLE_MODULES = YES;
				DEVELOPMENT_TEAM = 3CP5W9DM94;
				INFOPLIST_FILE = DzyTabBar/Info.plist;
				IPHONEOS_DEPLOYMENT_TARGET = 8.0;
				LD_RUNPATH_SEARCH_PATHS = "$(inherited) @executable_path/Frameworks";
				PRODUCT_BUNDLE_IDENTIFIER = com.dingzy.DzyTabBar;
				PRODUCT_NAME = "$(TARGET_NAME)";
				SWIFT_OBJC_BRIDGING_HEADER = "DzyTabBar/DzyTabBar-Bridging-Header.h";
				SWIFT_OPTIMIZATION_LEVEL = "-Onone";
				SWIFT_VERSION = 3.0;
			};
			name = Debug;
		};
		40916C991E67F41F00880313 /* Release */ = {
			isa = XCBuildConfiguration;
			baseConfigurationReference = EDD3C261B903CA223291BCEF /* Pods-DzyTabBar.release.xcconfig */;
			buildSettings = {
				ASSETCATALOG_COMPILER_APPICON_NAME = AppIcon;
				CLANG_ENABLE_MODULES = YES;
				DEVELOPMENT_TEAM = 3CP5W9DM94;
				INFOPLIST_FILE = DzyTabBar/Info.plist;
				IPHONEOS_DEPLOYMENT_TARGET = 8.0;
				LD_RUNPATH_SEARCH_PATHS = "$(inherited) @executable_path/Frameworks";
				PRODUCT_BUNDLE_IDENTIFIER = com.dingzy.DzyTabBar;
				PRODUCT_NAME = "$(TARGET_NAME)";
				SWIFT_OBJC_BRIDGING_HEADER = "DzyTabBar/DzyTabBar-Bridging-Header.h";
				SWIFT_VERSION = 3.0;
			};
			name = Release;
		};
/* End XCBuildConfiguration section */

/* Begin XCConfigurationList section */
		40916C7B1E67F41E00880313 /* Build configuration list for PBXProject "DzyTabBar" */ = {
			isa = XCConfigurationList;
			buildConfigurations = (
				40916C951E67F41F00880313 /* Debug */,
				40916C961E67F41F00880313 /* Release */,
			);
			defaultConfigurationIsVisible = 0;
			defaultConfigurationName = Release;
		};
		40916C971E67F41F00880313 /* Build configuration list for PBXNativeTarget "DzyTabBar" */ = {
			isa = XCConfigurationList;
			buildConfigurations = (
				40916C981E67F41F00880313 /* Debug */,
				40916C991E67F41F00880313 /* Release */,
			);
			defaultConfigurationIsVisible = 0;
			defaultConfigurationName = Release;
		};
/* End XCConfigurationList section */
	};
	rootObject = 40916C781E67F41E00880313 /* Project object */;
}
